
Microsoft Visual Studio Solution File, Format Version 12.00
# Visual Studio Version 17
VisualStudioVersion = 17.2.32630.192
MinimumVisualStudioVersion = 10.0.40219.1
Project("{9A19103F-16F7-4668-BE54-9A1E7A4F7556}") = "GLS_BlazorMVC_PoC", "GLS_BlazorMVC_PoC\GLS_BlazorMVC_PoC.csproj", "{73C2D510-1D6C-4EC3-ADD5-417E11D6A31A}"
EndProject
Project("{FAE04EC0-301F-11D3-BF4B-00C04F79EFBC}") = "Infrastructure", "Infrastructure\Infrastructure.csproj", "{5AF83990-7D75-4370-BC14-A136D8847EC3}"
EndProject
Project("{FAE04EC0-301F-11D3-BF4B-00C04F79EFBC}") = "Core", "Core\Core.csproj", "{533B4A06-2E40-4AEB-9C36-B42EC6A5E4C0}"
EndProject
Global
	GlobalSection(SolutionConfigurationPlatforms) = preSolution
		Debug|Any CPU = Debug|Any CPU
		Release|Any CPU = Release|Any CPU
	EndGlobalSection
	GlobalSection(ProjectConfigurationPlatforms) = postSolution
		{73C2D510-1D6C-4EC3-ADD5-417E11D6A31A}.Debug|Any CPU.ActiveCfg = Debug|Any CPU
		{73C2D510-1D6C-4EC3-ADD5-417E11D6A31A}.Debug|Any CPU.Build.0 = Debug|Any CPU
		{73C2D510-1D6C-4EC3-ADD5-417E11D6A31A}.Release|Any CPU.ActiveCfg = Release|Any CPU
		{73C2D510-1D6C-4EC3-ADD5-417E11D6A31A}.Release|Any CPU.Build.0 = Release|Any CPU
		{5AF83990-7D75-4370-BC14-A136D8847EC3}.Debug|Any CPU.ActiveCfg = Debug|Any CPU
		{5AF83990-7D75-4370-BC14-A136D8847EC3}.Debug|Any CPU.Build.0 = Debug|Any CPU
		{5AF83990-7D75-4370-BC14-A136D8847EC3}.Release|Any CPU.ActiveCfg = Release|Any CPU
		{5AF83990-7D75-4370-BC14-A136D8847EC3}.Release|Any CPU.Build.0 = Release|Any CPU
		{533B4A06-2E40-4AEB-9C36-B42EC6A5E4C0}.Debug|Any CPU.ActiveCfg = Debug|Any CPU
		{533B4A06-2E40-4AEB-9C36-B42EC6A5E4C0}.Debug|Any CPU.Build.0 = Debug|Any CPU
		{533B4A06-2E40-4AEB-9C36-B42EC6A5E4C0}.Release|Any CPU.ActiveCfg = Release|Any CPU
		{533B4A06-2E40-4AEB-9C36-B42EC6A5E4C0}.Release|Any CPU.Build.0 = Release|Any CPU
	EndGlobalSection
	GlobalSection(SolutionProperties) = preSolution
		HideSolutionNode = FALSE
	EndGlobalSection
	GlobalSection(ExtensibilityGlobals) = postSolution
		SolutionGuid = {2BAE0EBC-299C-4A64-A3AD-4CB735E3149D}
	EndGlobalSection
EndGlobal
